// !$*UTF8*$!
{
	archiveVersion = 1;
	classes = {
	};
	objectVersion = 56;
	objects = {

/* Begin PBXBuildFile section */
		900754C52A0DABD4007C5E72 /* GameView.swift in Sources */ = {isa = PBXBuildFile; fileRef = 900754C42A0DABD4007C5E72 /* GameView.swift */; };
		900754C72A0DABFF007C5E72 /* ProfileView.swift in Sources */ = {isa = PBXBuildFile; fileRef = 900754C62A0DABFF007C5E72 /* ProfileView.swift */; };
		900754C92A0DAC1E007C5E72 /* SettingsView.swift in Sources */ = {isa = PBXBuildFile; fileRef = 900754C82A0DAC1E007C5E72 /* SettingsView.swift */; };
		9008F24D2A0E52EF005BCF31 /* ChoiceImage.swift in Sources */ = {isa = PBXBuildFile; fileRef = 9008F24C2A0E52EF005BCF31 /* ChoiceImage.swift */; };
		9017FB8D2A0D37DE005C35B8 /* TabBarView.swift in Sources */ = {isa = PBXBuildFile; fileRef = 9017FB8C2A0D37DE005C35B8 /* TabBarView.swift */; };
		904E275D2A2340750031E015 /* MainView.swift in Sources */ = {isa = PBXBuildFile; fileRef = 904E275C2A2340750031E015 /* MainView.swift */; };
		904E275F2A2340C10031E015 /* LoginView.swift in Sources */ = {isa = PBXBuildFile; fileRef = 904E275E2A2340C10031E015 /* LoginView.swift */; };
		904E27612A2340E50031E015 /* LoginFormError.swift in Sources */ = {isa = PBXBuildFile; fileRef = 904E27602A2340E50031E015 /* LoginFormError.swift */; };
		904E27632A2341130031E015 /* SignUpAccountView.swift in Sources */ = {isa = PBXBuildFile; fileRef = 904E27622A2341130031E015 /* SignUpAccountView.swift */; };
		904E27662A23416C0031E015 /* String+Extensions.swift in Sources */ = {isa = PBXBuildFile; fileRef = 904E27652A23416C0031E015 /* String+Extensions.swift */; };
		904E27682A2344D80031E015 /* ButtonStyleModifier.swift in Sources */ = {isa = PBXBuildFile; fileRef = 904E27672A2344D80031E015 /* ButtonStyleModifier.swift */; };
		904E276A2A2352080031E015 /* FieldStyleModifier.swift in Sources */ = {isa = PBXBuildFile; fileRef = 904E27692A2352080031E015 /* FieldStyleModifier.swift */; };
		904E276C2A2358990031E015 /* View+Extensions.swift in Sources */ = {isa = PBXBuildFile; fileRef = 904E276B2A2358990031E015 /* View+Extensions.swift */; };
		9086FF8E2A0D46C3008E95F6 /* GradientTitleModifier.swift in Sources */ = {isa = PBXBuildFile; fileRef = 9086FF8D2A0D46C3008E95F6 /* GradientTitleModifier.swift */; };
		9086FF912A0D4B1E008E95F6 /* HomeView.swift in Sources */ = {isa = PBXBuildFile; fileRef = 9086FF902A0D4B1E008E95F6 /* HomeView.swift */; };
		9086FF932A0D4C36008E95F6 /* LeaderboardView.swift in Sources */ = {isa = PBXBuildFile; fileRef = 9086FF922A0D4C36008E95F6 /* LeaderboardView.swift */; };
		90A816F52A0965A3006E0F04 /* supa_rpsApp.swift in Sources */ = {isa = PBXBuildFile; fileRef = 90A816F42A0965A3006E0F04 /* supa_rpsApp.swift */; };
		90A816F72A0965A3006E0F04 /* ContentView.swift in Sources */ = {isa = PBXBuildFile; fileRef = 90A816F62A0965A3006E0F04 /* ContentView.swift */; };
		90A816F92A0965A4006E0F04 /* Assets.xcassets in Resources */ = {isa = PBXBuildFile; fileRef = 90A816F82A0965A4006E0F04 /* Assets.xcassets */; };
		90A816FC2A0965A4006E0F04 /* Preview Assets.xcassets in Resources */ = {isa = PBXBuildFile; fileRef = 90A816FB2A0965A4006E0F04 /* Preview Assets.xcassets */; };
/* End PBXBuildFile section */

/* Begin PBXFileReference section */
		900754C42A0DABD4007C5E72 /* GameView.swift */ = {isa = PBXFileReference; lastKnownFileType = sourcecode.swift; path = GameView.swift; sourceTree = "<group>"; };
		900754C62A0DABFF007C5E72 /* ProfileView.swift */ = {isa = PBXFileReference; lastKnownFileType = sourcecode.swift; path = ProfileView.swift; sourceTree = "<group>"; };
		900754C82A0DAC1E007C5E72 /* SettingsView.swift */ = {isa = PBXFileReference; lastKnownFileType = sourcecode.swift; path = SettingsView.swift; sourceTree = "<group>"; };
		9008F24C2A0E52EF005BCF31 /* ChoiceImage.swift */ = {isa = PBXFileReference; lastKnownFileType = sourcecode.swift; path = ChoiceImage.swift; sourceTree = "<group>"; };
		9017FB8C2A0D37DE005C35B8 /* TabBarView.swift */ = {isa = PBXFileReference; lastKnownFileType = sourcecode.swift; path = TabBarView.swift; sourceTree = "<group>"; };
		904E275C2A2340750031E015 /* MainView.swift */ = {isa = PBXFileReference; lastKnownFileType = sourcecode.swift; path = MainView.swift; sourceTree = "<group>"; };
		904E275E2A2340C10031E015 /* LoginView.swift */ = {isa = PBXFileReference; lastKnownFileType = sourcecode.swift; path = LoginView.swift; sourceTree = "<group>"; };
		904E27602A2340E50031E015 /* LoginFormError.swift */ = {isa = PBXFileReference; lastKnownFileType = sourcecode.swift; path = LoginFormError.swift; sourceTree = "<group>"; };
		904E27622A2341130031E015 /* SignUpAccountView.swift */ = {isa = PBXFileReference; lastKnownFileType = sourcecode.swift; path = SignUpAccountView.swift; sourceTree = "<group>"; };
		904E27652A23416C0031E015 /* String+Extensions.swift */ = {isa = PBXFileReference; lastKnownFileType = sourcecode.swift; path = "String+Extensions.swift"; sourceTree = "<group>"; };
		904E27672A2344D80031E015 /* ButtonStyleModifier.swift */ = {isa = PBXFileReference; lastKnownFileType = sourcecode.swift; path = ButtonStyleModifier.swift; sourceTree = "<group>"; };
		904E27692A2352080031E015 /* FieldStyleModifier.swift */ = {isa = PBXFileReference; lastKnownFileType = sourcecode.swift; path = FieldStyleModifier.swift; sourceTree = "<group>"; };
		904E276B2A2358990031E015 /* View+Extensions.swift */ = {isa = PBXFileReference; lastKnownFileType = sourcecode.swift; path = "View+Extensions.swift"; sourceTree = "<group>"; };
		9086FF8D2A0D46C3008E95F6 /* GradientTitleModifier.swift */ = {isa = PBXFileReference; lastKnownFileType = sourcecode.swift; path = GradientTitleModifier.swift; sourceTree = "<group>"; };
		9086FF902A0D4B1E008E95F6 /* HomeView.swift */ = {isa = PBXFileReference; lastKnownFileType = sourcecode.swift; path = HomeView.swift; sourceTree = "<group>"; };
		9086FF922A0D4C36008E95F6 /* LeaderboardView.swift */ = {isa = PBXFileReference; lastKnownFileType = sourcecode.swift; path = LeaderboardView.swift; sourceTree = "<group>"; };
		90A816F12A0965A3006E0F04 /* supa-rps.app */ = {isa = PBXFileReference; explicitFileType = wrapper.application; includeInIndex = 0; path = "supa-rps.app"; sourceTree = BUILT_PRODUCTS_DIR; };
		90A816F42A0965A3006E0F04 /* supa_rpsApp.swift */ = {isa = PBXFileReference; lastKnownFileType = sourcecode.swift; path = supa_rpsApp.swift; sourceTree = "<group>"; };
		90A816F62A0965A3006E0F04 /* ContentView.swift */ = {isa = PBXFileReference; lastKnownFileType = sourcecode.swift; path = ContentView.swift; sourceTree = "<group>"; };
		90A816F82A0965A4006E0F04 /* Assets.xcassets */ = {isa = PBXFileReference; lastKnownFileType = folder.assetcatalog; path = Assets.xcassets; sourceTree = "<group>"; };
		90A816FB2A0965A4006E0F04 /* Preview Assets.xcassets */ = {isa = PBXFileReference; lastKnownFileType = folder.assetcatalog; path = "Preview Assets.xcassets"; sourceTree = "<group>"; };
/* End PBXFileReference section */

/* Begin PBXFrameworksBuildPhase section */
		90A816EE2A0965A3006E0F04 /* Frameworks */ = {
			isa = PBXFrameworksBuildPhase;
			buildActionMask = 2147483647;
			files = (
			);
			runOnlyForDeploymentPostprocessing = 0;
		};
/* End PBXFrameworksBuildPhase section */

/* Begin PBXGroup section */
		904E27642A2341540031E015 /* Extensions */ = {
			isa = PBXGroup;
			children = (
				904E27652A23416C0031E015 /* String+Extensions.swift */,
				904E276B2A2358990031E015 /* View+Extensions.swift */,
			);
			path = Extensions;
			sourceTree = "<group>";
		};
		905673262A23919900CC8B88 /* Modifiers */ = {
			isa = PBXGroup;
			children = (
				9086FF8D2A0D46C3008E95F6 /* GradientTitleModifier.swift */,
				904E27672A2344D80031E015 /* ButtonStyleModifier.swift */,
				904E27692A2352080031E015 /* FieldStyleModifier.swift */,
			);
			path = Modifiers;
			sourceTree = "<group>";
		};
		905673272A2391A300CC8B88 /* Helpers */ = {
			isa = PBXGroup;
			children = (
				9008F24C2A0E52EF005BCF31 /* ChoiceImage.swift */,
				904E27602A2340E50031E015 /* LoginFormError.swift */,
			);
			path = Helpers;
			sourceTree = "<group>";
		};
		905673282A23935500CC8B88 /* Navigation */ = {
			isa = PBXGroup;
			children = (
				9086FF902A0D4B1E008E95F6 /* HomeView.swift */,
				9086FF922A0D4C36008E95F6 /* LeaderboardView.swift */,
				900754C42A0DABD4007C5E72 /* GameView.swift */,
				900754C62A0DABFF007C5E72 /* ProfileView.swift */,
				900754C82A0DAC1E007C5E72 /* SettingsView.swift */,
			);
			path = Navigation;
			sourceTree = "<group>";
		};
		905673292A23936100CC8B88 /* Main */ = {
			isa = PBXGroup;
			children = (
				9017FB8C2A0D37DE005C35B8 /* TabBarView.swift */,
				904E275C2A2340750031E015 /* MainView.swift */,
			);
			path = Main;
			sourceTree = "<group>";
		};
		9056732A2A23936F00CC8B88 /* Authentication */ = {
			isa = PBXGroup;
			children = (
				904E275E2A2340C10031E015 /* LoginView.swift */,
				904E27622A2341130031E015 /* SignUpAccountView.swift */,
			);
			path = Authentication;
			sourceTree = "<group>";
		};
		9086FF8C2A0D46AC008E95F6 /* Utils */ = {
			isa = PBXGroup;
			children = (
				905673272A2391A300CC8B88 /* Helpers */,
				905673262A23919900CC8B88 /* Modifiers */,
			);
			path = Utils;
			sourceTree = "<group>";
		};
		9086FF8F2A0D4ACE008E95F6 /* Views */ = {
			isa = PBXGroup;
			children = (
				9056732A2A23936F00CC8B88 /* Authentication */,
				905673282A23935500CC8B88 /* Navigation */,
				905673292A23936100CC8B88 /* Main */,
			);
			path = Views;
			sourceTree = "<group>";
		};
		90A816E82A0965A3006E0F04 = {
			isa = PBXGroup;
			children = (
				90A816F32A0965A3006E0F04 /* supa-rps */,
				90A816F22A0965A3006E0F04 /* Products */,
			);
			sourceTree = "<group>";
		};
		90A816F22A0965A3006E0F04 /* Products */ = {
			isa = PBXGroup;
			children = (
				90A816F12A0965A3006E0F04 /* supa-rps.app */,
			);
			name = Products;
			sourceTree = "<group>";
		};
		90A816F32A0965A3006E0F04 /* supa-rps */ = {
			isa = PBXGroup;
			children = (
				904E27642A2341540031E015 /* Extensions */,
				9086FF8F2A0D4ACE008E95F6 /* Views */,
				9086FF8C2A0D46AC008E95F6 /* Utils */,
				90A816F42A0965A3006E0F04 /* supa_rpsApp.swift */,
				90A816F62A0965A3006E0F04 /* ContentView.swift */,
				90A816F82A0965A4006E0F04 /* Assets.xcassets */,
				90A816FA2A0965A4006E0F04 /* Preview Content */,
			);
			path = "supa-rps";
			sourceTree = "<group>";
		};
		90A816FA2A0965A4006E0F04 /* Preview Content */ = {
			isa = PBXGroup;
			children = (
				90A816FB2A0965A4006E0F04 /* Preview Assets.xcassets */,
			);
			path = "Preview Content";
			sourceTree = "<group>";
		};
/* End PBXGroup section */

/* Begin PBXNativeTarget section */
		90A816F02A0965A3006E0F04 /* supa-rps */ = {
			isa = PBXNativeTarget;
			buildConfigurationList = 90A816FF2A0965A4006E0F04 /* Build configuration list for PBXNativeTarget "supa-rps" */;
			buildPhases = (
				90A816ED2A0965A3006E0F04 /* Sources */,
				90A816EE2A0965A3006E0F04 /* Frameworks */,
				90A816EF2A0965A3006E0F04 /* Resources */,
			);
			buildRules = (
			);
			dependencies = (
			);
			name = "supa-rps";
			productName = "supa-rps";
			productReference = 90A816F12A0965A3006E0F04 /* supa-rps.app */;
			productType = "com.apple.product-type.application";
		};
/* End PBXNativeTarget section */

/* Begin PBXProject section */
		90A816E92A0965A3006E0F04 /* Project object */ = {
			isa = PBXProject;
			attributes = {
				BuildIndependentTargetsInParallel = 1;
				LastSwiftUpdateCheck = 1430;
				LastUpgradeCheck = 1430;
				TargetAttributes = {
					90A816F02A0965A3006E0F04 = {
						CreatedOnToolsVersion = 14.3;
					};
				};
			};
			buildConfigurationList = 90A816EC2A0965A3006E0F04 /* Build configuration list for PBXProject "supa-rps" */;
			compatibilityVersion = "Xcode 14.0";
			developmentRegion = en;
			hasScannedForEncodings = 0;
			knownRegions = (
				en,
				Base,
			);
			mainGroup = 90A816E82A0965A3006E0F04;
			productRefGroup = 90A816F22A0965A3006E0F04 /* Products */;
			projectDirPath = "";
			projectRoot = "";
			targets = (
				90A816F02A0965A3006E0F04 /* supa-rps */,
			);
		};
/* End PBXProject section */

/* Begin PBXResourcesBuildPhase section */
		90A816EF2A0965A3006E0F04 /* Resources */ = {
			isa = PBXResourcesBuildPhase;
			buildActionMask = 2147483647;
			files = (
				90A816FC2A0965A4006E0F04 /* Preview Assets.xcassets in Resources */,
				90A816F92A0965A4006E0F04 /* Assets.xcassets in Resources */,
			);
			runOnlyForDeploymentPostprocessing = 0;
		};
/* End PBXResourcesBuildPhase section */

/* Begin PBXSourcesBuildPhase section */
		90A816ED2A0965A3006E0F04 /* Sources */ = {
			isa = PBXSourcesBuildPhase;
			buildActionMask = 2147483647;
			files = (
				904E27682A2344D80031E015 /* ButtonStyleModifier.swift in Sources */,
				904E27612A2340E50031E015 /* LoginFormError.swift in Sources */,
				900754C72A0DABFF007C5E72 /* ProfileView.swift in Sources */,
				90A816F72A0965A3006E0F04 /* ContentView.swift in Sources */,
				904E275D2A2340750031E015 /* MainView.swift in Sources */,
				9086FF8E2A0D46C3008E95F6 /* GradientTitleModifier.swift in Sources */,
				900754C92A0DAC1E007C5E72 /* SettingsView.swift in Sources */,
				9017FB8D2A0D37DE005C35B8 /* TabBarView.swift in Sources */,
				904E275F2A2340C10031E015 /* LoginView.swift in Sources */,
				9086FF912A0D4B1E008E95F6 /* HomeView.swift in Sources */,
				9086FF932A0D4C36008E95F6 /* LeaderboardView.swift in Sources */,
				904E276C2A2358990031E015 /* View+Extensions.swift in Sources */,
				904E27662A23416C0031E015 /* String+Extensions.swift in Sources */,
				90A816F52A0965A3006E0F04 /* supa_rpsApp.swift in Sources */,
				904E276A2A2352080031E015 /* FieldStyleModifier.swift in Sources */,
				9008F24D2A0E52EF005BCF31 /* ChoiceImage.swift in Sources */,
				904E27632A2341130031E015 /* SignUpAccountView.swift in Sources */,
				900754C52A0DABD4007C5E72 /* GameView.swift in Sources */,
			);
			runOnlyForDeploymentPostprocessing = 0;
		};
/* End PBXSourcesBuildPhase section */

/* Begin XCBuildConfiguration section */
		90A816FD2A0965A4006E0F04 /* Debug */ = {
			isa = XCBuildConfiguration;
			buildSettings = {
				ALWAYS_SEARCH_USER_PATHS = NO;
				CLANG_ANALYZER_NONNULL = YES;
				CLANG_ANALYZER_NUMBER_OBJECT_CONVERSION = YES_AGGRESSIVE;
				CLANG_CXX_LANGUAGE_STANDARD = "gnu++20";
				CLANG_ENABLE_MODULES = YES;
				CLANG_ENABLE_OBJC_ARC = YES;
				CLANG_ENABLE_OBJC_WEAK = YES;
				CLANG_WARN_BLOCK_CAPTURE_AUTORELEASING = YES;
				CLANG_WARN_BOOL_CONVERSION = YES;
				CLANG_WARN_COMMA = YES;
				CLANG_WARN_CONSTANT_CONVERSION = YES;
				CLANG_WARN_DEPRECATED_OBJC_IMPLEMENTATIONS = YES;
				CLANG_WARN_DIRECT_OBJC_ISA_USAGE = YES_ERROR;
				CLANG_WARN_DOCUMENTATION_COMMENTS = YES;
				CLANG_WARN_EMPTY_BODY = YES;
				CLANG_WARN_ENUM_CONVERSION = YES;
				CLANG_WARN_INFINITE_RECURSION = YES;
				CLANG_WARN_INT_CONVERSION = YES;
				CLANG_WARN_NON_LITERAL_NULL_CONVERSION = YES;
				CLANG_WARN_OBJC_IMPLICIT_RETAIN_SELF = YES;
				CLANG_WARN_OBJC_LITERAL_CONVERSION = YES;
				CLANG_WARN_OBJC_ROOT_CLASS = YES_ERROR;
				CLANG_WARN_QUOTED_INCLUDE_IN_FRAMEWORK_HEADER = YES;
				CLANG_WARN_RANGE_LOOP_ANALYSIS = YES;
				CLANG_WARN_STRICT_PROTOTYPES = YES;
				CLANG_WARN_SUSPICIOUS_MOVE = YES;
				CLANG_WARN_UNGUARDED_AVAILABILITY = YES_AGGRESSIVE;
				CLANG_WARN_UNREACHABLE_CODE = YES;
				CLANG_WARN__DUPLICATE_METHOD_MATCH = YES;
				COPY_PHASE_STRIP = NO;
				DEBUG_INFORMATION_FORMAT = dwarf;
				ENABLE_STRICT_OBJC_MSGSEND = YES;
				ENABLE_TESTABILITY = YES;
				GCC_C_LANGUAGE_STANDARD = gnu11;
				GCC_DYNAMIC_NO_PIC = NO;
				GCC_NO_COMMON_BLOCKS = YES;
				GCC_OPTIMIZATION_LEVEL = 0;
				GCC_PREPROCESSOR_DEFINITIONS = (
					"DEBUG=1",
					"$(inherited)",
				);
				GCC_WARN_64_TO_32_BIT_CONVERSION = YES;
				GCC_WARN_ABOUT_RETURN_TYPE = YES_ERROR;
				GCC_WARN_UNDECLARED_SELECTOR = YES;
				GCC_WARN_UNINITIALIZED_AUTOS = YES_AGGRESSIVE;
				GCC_WARN_UNUSED_FUNCTION = YES;
				GCC_WARN_UNUSED_VARIABLE = YES;
				IPHONEOS_DEPLOYMENT_TARGET = 16.4;
				MTL_ENABLE_DEBUG_INFO = INCLUDE_SOURCE;
				MTL_FAST_MATH = YES;
				ONLY_ACTIVE_ARCH = YES;
				SDKROOT = iphoneos;
				SWIFT_ACTIVE_COMPILATION_CONDITIONS = DEBUG;
				SWIFT_OPTIMIZATION_LEVEL = "-Onone";
			};
			name = Debug;
		};
		90A816FE2A0965A4006E0F04 /* Release */ = {
			isa = XCBuildConfiguration;
			buildSettings = {
				ALWAYS_SEARCH_USER_PATHS = NO;
				CLANG_ANALYZER_NONNULL = YES;
				CLANG_ANALYZER_NUMBER_OBJECT_CONVERSION = YES_AGGRESSIVE;
				CLANG_CXX_LANGUAGE_STANDARD = "gnu++20";
				CLANG_ENABLE_MODULES = YES;
				CLANG_ENABLE_OBJC_ARC = YES;
				CLANG_ENABLE_OBJC_WEAK = YES;
				CLANG_WARN_BLOCK_CAPTURE_AUTORELEASING = YES;
				CLANG_WARN_BOOL_CONVERSION = YES;
				CLANG_WARN_COMMA = YES;
				CLANG_WARN_CONSTANT_CONVERSION = YES;
				CLANG_WARN_DEPRECATED_OBJC_IMPLEMENTATIONS = YES;
				CLANG_WARN_DIRECT_OBJC_ISA_USAGE = YES_ERROR;
				CLANG_WARN_DOCUMENTATION_COMMENTS = YES;
				CLANG_WARN_EMPTY_BODY = YES;
				CLANG_WARN_ENUM_CONVERSION = YES;
				CLANG_WARN_INFINITE_RECURSION = YES;
				CLANG_WARN_INT_CONVERSION = YES;
				CLANG_WARN_NON_LITERAL_NULL_CONVERSION = YES;
				CLANG_WARN_OBJC_IMPLICIT_RETAIN_SELF = YES;
				CLANG_WARN_OBJC_LITERAL_CONVERSION = YES;
				CLANG_WARN_OBJC_ROOT_CLASS = YES_ERROR;
				CLANG_WARN_QUOTED_INCLUDE_IN_FRAMEWORK_HEADER = YES;
				CLANG_WARN_RANGE_LOOP_ANALYSIS = YES;
				CLANG_WARN_STRICT_PROTOTYPES = YES;
				CLANG_WARN_SUSPICIOUS_MOVE = YES;
				CLANG_WARN_UNGUARDED_AVAILABILITY = YES_AGGRESSIVE;
				CLANG_WARN_UNREACHABLE_CODE = YES;
				CLANG_WARN__DUPLICATE_METHOD_MATCH = YES;
				COPY_PHASE_STRIP = NO;
				DEBUG_INFORMATION_FORMAT = "dwarf-with-dsym";
				ENABLE_NS_ASSERTIONS = NO;
				ENABLE_STRICT_OBJC_MSGSEND = YES;
				GCC_C_LANGUAGE_STANDARD = gnu11;
				GCC_NO_COMMON_BLOCKS = YES;
				GCC_WARN_64_TO_32_BIT_CONVERSION = YES;
				GCC_WARN_ABOUT_RETURN_TYPE = YES_ERROR;
				GCC_WARN_UNDECLARED_SELECTOR = YES;
				GCC_WARN_UNINITIALIZED_AUTOS = YES_AGGRESSIVE;
				GCC_WARN_UNUSED_FUNCTION = YES;
				GCC_WARN_UNUSED_VARIABLE = YES;
				IPHONEOS_DEPLOYMENT_TARGET = 16.4;
				MTL_ENABLE_DEBUG_INFO = NO;
				MTL_FAST_MATH = YES;
				SDKROOT = iphoneos;
				SWIFT_COMPILATION_MODE = wholemodule;
				SWIFT_OPTIMIZATION_LEVEL = "-O";
				VALIDATE_PRODUCT = YES;
			};
			name = Release;
		};
		90A817002A0965A4006E0F04 /* Debug */ = {
			isa = XCBuildConfiguration;
			buildSettings = {
				ASSETCATALOG_COMPILER_APPICON_NAME = AppIcon;
				ASSETCATALOG_COMPILER_GLOBAL_ACCENT_COLOR_NAME = AccentColor;
				CODE_SIGN_STYLE = Automatic;
				CURRENT_PROJECT_VERSION = 1;
				DEVELOPMENT_ASSET_PATHS = "\"supa-rps/Preview Content\"";
				ENABLE_PREVIEWS = YES;
				GENERATE_INFOPLIST_FILE = YES;
				INFOPLIST_KEY_UIApplicationSceneManifest_Generation = YES;
				INFOPLIST_KEY_UIApplicationSupportsIndirectInputEvents = YES;
				INFOPLIST_KEY_UILaunchScreen_Generation = YES;
				INFOPLIST_KEY_UISupportedInterfaceOrientations_iPad = "UIInterfaceOrientationPortrait UIInterfaceOrientationPortraitUpsideDown UIInterfaceOrientationLandscapeLeft UIInterfaceOrientationLandscapeRight";
				INFOPLIST_KEY_UISupportedInterfaceOrientations_iPhone = "UIInterfaceOrientationPortrait UIInterfaceOrientationLandscapeLeft UIInterfaceOrientationLandscapeRight";
				LD_RUNPATH_SEARCH_PATHS = (
					"$(inherited)",
					"@executable_path/Frameworks",
				);
				MARKETING_VERSION = 1.0;
				PRODUCT_BUNDLE_IDENTIFIER = "me.plskz.supa-rps";
				PRODUCT_NAME = "$(TARGET_NAME)";
				SWIFT_EMIT_LOC_STRINGS = YES;
				SWIFT_VERSION = 5.0;
				TARGETED_DEVICE_FAMILY = "1,2";
			};
			name = Debug;
		};
		90A817012A0965A4006E0F04 /* Release */ = {
			isa = XCBuildConfiguration;
			buildSettings = {
				ASSETCATALOG_COMPILER_APPICON_NAME = AppIcon;
				ASSETCATALOG_COMPILER_GLOBAL_ACCENT_COLOR_NAME = AccentColor;
				CODE_SIGN_STYLE = Automatic;
				CURRENT_PROJECT_VERSION = 1;
				DEVELOPMENT_ASSET_PATHS = "\"supa-rps/Preview Content\"";
				ENABLE_PREVIEWS = YES;
				GENERATE_INFOPLIST_FILE = YES;
				INFOPLIST_KEY_UIApplicationSceneManifest_Generation = YES;
				INFOPLIST_KEY_UIApplicationSupportsIndirectInputEvents = YES;
				INFOPLIST_KEY_UILaunchScreen_Generation = YES;
				INFOPLIST_KEY_UISupportedInterfaceOrientations_iPad = "UIInterfaceOrientationPortrait UIInterfaceOrientationPortraitUpsideDown UIInterfaceOrientationLandscapeLeft UIInterfaceOrientationLandscapeRight";
				INFOPLIST_KEY_UISupportedInterfaceOrientations_iPhone = "UIInterfaceOrientationPortrait UIInterfaceOrientationLandscapeLeft UIInterfaceOrientationLandscapeRight";
				LD_RUNPATH_SEARCH_PATHS = (
					"$(inherited)",
					"@executable_path/Frameworks",
				);
				MARKETING_VERSION = 1.0;
				PRODUCT_BUNDLE_IDENTIFIER = "me.plskz.supa-rps";
				PRODUCT_NAME = "$(TARGET_NAME)";
				SWIFT_EMIT_LOC_STRINGS = YES;
				SWIFT_VERSION = 5.0;
				TARGETED_DEVICE_FAMILY = "1,2";
			};
			name = Release;
		};
/* End XCBuildConfiguration section */

/* Begin XCConfigurationList section */
		90A816EC2A0965A3006E0F04 /* Build configuration list for PBXProject "supa-rps" */ = {
			isa = XCConfigurationList;
			buildConfigurations = (
				90A816FD2A0965A4006E0F04 /* Debug */,
				90A816FE2A0965A4006E0F04 /* Release */,
			);
			defaultConfigurationIsVisible = 0;
			defaultConfigurationName = Release;
		};
		90A816FF2A0965A4006E0F04 /* Build configuration list for PBXNativeTarget "supa-rps" */ = {
			isa = XCConfigurationList;
			buildConfigurations = (
				90A817002A0965A4006E0F04 /* Debug */,
				90A817012A0965A4006E0F04 /* Release */,
			);
			defaultConfigurationIsVisible = 0;
			defaultConfigurationName = Release;
		};
/* End XCConfigurationList section */
	};
	rootObject = 90A816E92A0965A3006E0F04 /* Project object */;
}
